// !$*UTF8*$!
{
	archiveVersion = 1;
	classes = {
	};
	objectVersion = 48;
	objects = {

/* Begin PBXBuildFile section */
		B47036A31F55E80500348763 /* AppDelegate.swift in Sources */ = {isa = PBXBuildFile; fileRef = B47036A21F55E80500348763 /* AppDelegate.swift */; };
		B47036A51F55E80500348763 /* ViewController.swift in Sources */ = {isa = PBXBuildFile; fileRef = B47036A41F55E80500348763 /* ViewController.swift */; };
		B47036A81F55E80500348763 /* Main.storyboard in Resources */ = {isa = PBXBuildFile; fileRef = B47036A61F55E80500348763 /* Main.storyboard */; };
		B47036AA1F55E80500348763 /* Assets.xcassets in Resources */ = {isa = PBXBuildFile; fileRef = B47036A91F55E80500348763 /* Assets.xcassets */; };
		B47036AD1F55E80500348763 /* LaunchScreen.storyboard in Resources */ = {isa = PBXBuildFile; fileRef = B47036AB1F55E80500348763 /* LaunchScreen.storyboard */; };
		B47036B81F55E80500348763 /* HelloWorld_2_0Tests.swift in Sources */ = {isa = PBXBuildFile; fileRef = B47036B71F55E80500348763 /* HelloWorld_2_0Tests.swift */; };
		B47036C31F55E80500348763 /* HelloWorld_2_0UITests.swift in Sources */ = {isa = PBXBuildFile; fileRef = B47036C21F55E80500348763 /* HelloWorld_2_0UITests.swift */; };
/* End PBXBuildFile section */

/* Begin PBXContainerItemProxy section */
		B47036B41F55E80500348763 /* PBXContainerItemProxy */ = {
			isa = PBXContainerItemProxy;
			containerPortal = B47036971F55E80500348763 /* Project object */;
			proxyType = 1;
			remoteGlobalIDString = B470369E1F55E80500348763;
			remoteInfo = "HelloWorld-2.0";
		};
		B47036BF1F55E80500348763 /* PBXContainerItemProxy */ = {
			isa = PBXContainerItemProxy;
			containerPortal = B47036971F55E80500348763 /* Project object */;
			proxyType = 1;
			remoteGlobalIDString = B470369E1F55E80500348763;
			remoteInfo = "HelloWorld-2.0";
		};
/* End PBXContainerItemProxy section */

/* Begin PBXFileReference section */
		B470369F1F55E80500348763 /* HelloWorld-2.0.app */ = {isa = PBXFileReference; explicitFileType = wrapper.application; includeInIndex = 0; path = "HelloWorld-2.0.app"; sourceTree = BUILT_PRODUCTS_DIR; };
		B47036A21F55E80500348763 /* AppDelegate.swift */ = {isa = PBXFileReference; lastKnownFileType = sourcecode.swift; path = AppDelegate.swift; sourceTree = "<group>"; };
		B47036A41F55E80500348763 /* ViewController.swift */ = {isa = PBXFileReference; lastKnownFileType = sourcecode.swift; path = ViewController.swift; sourceTree = "<group>"; };
		B47036A71F55E80500348763 /* Base */ = {isa = PBXFileReference; lastKnownFileType = file.storyboard; name = Base; path = Base.lproj/Main.storyboard; sourceTree = "<group>"; };
		B47036A91F55E80500348763 /* Assets.xcassets */ = {isa = PBXFileReference; lastKnownFileType = folder.assetcatalog; path = Assets.xcassets; sourceTree = "<group>"; };
		B47036AC1F55E80500348763 /* Base */ = {isa = PBXFileReference; lastKnownFileType = file.storyboard; name = Base; path = Base.lproj/LaunchScreen.storyboard; sourceTree = "<group>"; };
		B47036AE1F55E80500348763 /* Info.plist */ = {isa = PBXFileReference; lastKnownFileType = text.plist.xml; path = Info.plist; sourceTree = "<group>"; };
		B47036B31F55E80500348763 /* HelloWorld-2.0Tests.xctest */ = {isa = PBXFileReference; explicitFileType = wrapper.cfbundle; includeInIndex = 0; path = "HelloWorld-2.0Tests.xctest"; sourceTree = BUILT_PRODUCTS_DIR; };
		B47036B71F55E80500348763 /* HelloWorld_2_0Tests.swift */ = {isa = PBXFileReference; lastKnownFileType = sourcecode.swift; path = HelloWorld_2_0Tests.swift; sourceTree = "<group>"; };
		B47036B91F55E80500348763 /* Info.plist */ = {isa = PBXFileReference; lastKnownFileType = text.plist.xml; path = Info.plist; sourceTree = "<group>"; };
		B47036BE1F55E80500348763 /* HelloWorld-2.0UITests.xctest */ = {isa = PBXFileReference; explicitFileType = wrapper.cfbundle; includeInIndex = 0; path = "HelloWorld-2.0UITests.xctest"; sourceTree = BUILT_PRODUCTS_DIR; };
		B47036C21F55E80500348763 /* HelloWorld_2_0UITests.swift */ = {isa = PBXFileReference; lastKnownFileType = sourcecode.swift; path = HelloWorld_2_0UITests.swift; sourceTree = "<group>"; };
		B47036C41F55E80500348763 /* Info.plist */ = {isa = PBXFileReference; lastKnownFileType = text.plist.xml; path = Info.plist; sourceTree = "<group>"; };
/* End PBXFileReference section */

/* Begin PBXFrameworksBuildPhase section */
		B470369C1F55E80500348763 /* Frameworks */ = {
			isa = PBXFrameworksBuildPhase;
			buildActionMask = 2147483647;
			files = (
			);
			runOnlyForDeploymentPostprocessing = 0;
		};
		B47036B01F55E80500348763 /* Frameworks */ = {
			isa = PBXFrameworksBuildPhase;
			buildActionMask = 2147483647;
			files = (
			);
			runOnlyForDeploymentPostprocessing = 0;
		};
		B47036BB1F55E80500348763 /* Frameworks */ = {
			isa = PBXFrameworksBuildPhase;
			buildActionMask = 2147483647;
			files = (
			);
			runOnlyForDeploymentPostprocessing = 0;
		};
/* End PBXFrameworksBuildPhase section */

/* Begin PBXGroup section */
		B47036961F55E80500348763 = {
			isa = PBXGroup;
			children = (
				B47036A11F55E80500348763 /* HelloWorld-2.0 */,
				B47036B61F55E80500348763 /* HelloWorld-2.0Tests */,
				B47036C11F55E80500348763 /* HelloWorld-2.0UITests */,
				B47036A01F55E80500348763 /* Products */,
			);
			sourceTree = "<group>";
		};
		B47036A01F55E80500348763 /* Products */ = {
			isa = PBXGroup;
			children = (
				B470369F1F55E80500348763 /* HelloWorld-2.0.app */,
				B47036B31F55E80500348763 /* HelloWorld-2.0Tests.xctest */,
				B47036BE1F55E80500348763 /* HelloWorld-2.0UITests.xctest */,
			);
			name = Products;
			sourceTree = "<group>";
		};
		B47036A11F55E80500348763 /* HelloWorld-2.0 */ = {
			isa = PBXGroup;
			children = (
				B47036A21F55E80500348763 /* AppDelegate.swift */,
				B47036A41F55E80500348763 /* ViewController.swift */,
				B47036A61F55E80500348763 /* Main.storyboard */,
				B47036A91F55E80500348763 /* Assets.xcassets */,
				B47036AB1F55E80500348763 /* LaunchScreen.storyboard */,
				B47036AE1F55E80500348763 /* Info.plist */,
			);
			path = "HelloWorld-2.0";
			sourceTree = "<group>";
		};
		B47036B61F55E80500348763 /* HelloWorld-2.0Tests */ = {
			isa = PBXGroup;
			children = (
				B47036B71F55E80500348763 /* HelloWorld_2_0Tests.swift */,
				B47036B91F55E80500348763 /* Info.plist */,
			);
			path = "HelloWorld-2.0Tests";
			sourceTree = "<group>";
		};
		B47036C11F55E80500348763 /* HelloWorld-2.0UITests */ = {
			isa = PBXGroup;
			children = (
				B47036C21F55E80500348763 /* HelloWorld_2_0UITests.swift */,
				B47036C41F55E80500348763 /* Info.plist */,
			);
			path = "HelloWorld-2.0UITests";
			sourceTree = "<group>";
		};
/* End PBXGroup section */

/* Begin PBXNativeTarget section */
		B470369E1F55E80500348763 /* HelloWorld-2.0 */ = {
			isa = PBXNativeTarget;
			buildConfigurationList = B47036C71F55E80500348763 /* Build configuration list for PBXNativeTarget "HelloWorld-2.0" */;
			buildPhases = (
				B470369B1F55E80500348763 /* Sources */,
				B470369C1F55E80500348763 /* Frameworks */,
				B470369D1F55E80500348763 /* Resources */,
			);
			buildRules = (
			);
			dependencies = (
			);
			name = "HelloWorld-2.0";
			productName = "HelloWorld-2.0";
			productReference = B470369F1F55E80500348763 /* HelloWorld-2.0.app */;
			productType = "com.apple.product-type.application";
		};
		B47036B21F55E80500348763 /* HelloWorld-2.0Tests */ = {
			isa = PBXNativeTarget;
			buildConfigurationList = B47036CA1F55E80500348763 /* Build configuration list for PBXNativeTarget "HelloWorld-2.0Tests" */;
			buildPhases = (
				B47036AF1F55E80500348763 /* Sources */,
				B47036B01F55E80500348763 /* Frameworks */,
				B47036B11F55E80500348763 /* Resources */,
			);
			buildRules = (
			);
			dependencies = (
				B47036B51F55E80500348763 /* PBXTargetDependency */,
			);
			name = "HelloWorld-2.0Tests";
			productName = "HelloWorld-2.0Tests";
			productReference = B47036B31F55E80500348763 /* HelloWorld-2.0Tests.xctest */;
			productType = "com.apple.product-type.bundle.unit-test";
		};
		B47036BD1F55E80500348763 /* HelloWorld-2.0UITests */ = {
			isa = PBXNativeTarget;
			buildConfigurationList = B47036CD1F55E80500348763 /* Build configuration list for PBXNativeTarget "HelloWorld-2.0UITests" */;
			buildPhases = (
				B47036BA1F55E80500348763 /* Sources */,
				B47036BB1F55E80500348763 /* Frameworks */,
				B47036BC1F55E80500348763 /* Resources */,
			);
			buildRules = (
			);
			dependencies = (
				B47036C01F55E80500348763 /* PBXTargetDependency */,
			);
			name = "HelloWorld-2.0UITests";
			productName = "HelloWorld-2.0UITests";
			productReference = B47036BE1F55E80500348763 /* HelloWorld-2.0UITests.xctest */;
			productType = "com.apple.product-type.bundle.ui-testing";
		};
/* End PBXNativeTarget section */

/* Begin PBXProject section */
		B47036971F55E80500348763 /* Project object */ = {
			isa = PBXProject;
			attributes = {
				LastSwiftUpdateCheck = 0900;
				LastUpgradeCheck = 0900;
				ORGANIZATIONNAME = "Xiao Liu";
				TargetAttributes = {
					B470369E1F55E80500348763 = {
						CreatedOnToolsVersion = 9.0;
						ProvisioningStyle = Automatic;
					};
					B47036B21F55E80500348763 = {
						CreatedOnToolsVersion = 9.0;
						ProvisioningStyle = Automatic;
						TestTargetID = B470369E1F55E80500348763;
					};
					B47036BD1F55E80500348763 = {
						CreatedOnToolsVersion = 9.0;
						ProvisioningStyle = Automatic;
						TestTargetID = B470369E1F55E80500348763;
					};
				};
			};
			buildConfigurationList = B470369A1F55E80500348763 /* Build configuration list for PBXProject "HelloWorld-2.0" */;
			compatibilityVersion = "Xcode 8.0";
			developmentRegion = en;
			hasScannedForEncodings = 0;
			knownRegions = (
				en,
				Base,
			);
			mainGroup = B47036961F55E80500348763;
			productRefGroup = B47036A01F55E80500348763 /* Products */;
			projectDirPath = "";
			projectRoot = "";
			targets = (
				B470369E1F55E80500348763 /* HelloWorld-2.0 */,
				B47036B21F55E80500348763 /* HelloWorld-2.0Tests */,
				B47036BD1F55E80500348763 /* HelloWorld-2.0UITests */,
			);
		};
/* End PBXProject section */

/* Begin PBXResourcesBuildPhase section */
		B470369D1F55E80500348763 /* Resources */ = {
			isa = PBXResourcesBuildPhase;
			buildActionMask = 2147483647;
			files = (
				B47036AD1F55E80500348763 /* LaunchScreen.storyboard in Resources */,
				B47036AA1F55E80500348763 /* Assets.xcassets in Resources */,
				B47036A81F55E80500348763 /* Main.storyboard in Resources */,
			);
			runOnlyForDeploymentPostprocessing = 0;
		};
		B47036B11F55E80500348763 /* Resources */ = {
			isa = PBXResourcesBuildPhase;
			buildActionMask = 2147483647;
			files = (
			);
			runOnlyForDeploymentPostprocessing = 0;
		};
		B47036BC1F55E80500348763 /* Resources */ = {
			isa = PBXResourcesBuildPhase;
			buildActionMask = 2147483647;
			files = (
			);
			runOnlyForDeploymentPostprocessing = 0;
		};
/* End PBXResourcesBuildPhase section */

/* Begin PBXSourcesBuildPhase section */
		B470369B1F55E80500348763 /* Sources */ = {
			isa = PBXSourcesBuildPhase;
			buildActionMask = 2147483647;
			files = (
				B47036A51F55E80500348763 /* ViewController.swift in Sources */,
				B47036A31F55E80500348763 /* AppDelegate.swift in Sources */,
			);
			runOnlyForDeploymentPostprocessing = 0;
		};
		B47036AF1F55E80500348763 /* Sources */ = {
			isa = PBXSourcesBuildPhase;
			buildActionMask = 2147483647;
			files = (
				B47036B81F55E80500348763 /* HelloWorld_2_0Tests.swift in Sources */,
			);
			runOnlyForDeploymentPostprocessing = 0;
		};
		B47036BA1F55E80500348763 /* Sources */ = {
			isa = PBXSourcesBuildPhase;
			buildActionMask = 2147483647;
			files = (
				B47036C31F55E80500348763 /* HelloWorld_2_0UITests.swift in Sources */,
			);
			runOnlyForDeploymentPostprocessing = 0;
		};
/* End PBXSourcesBuildPhase section */

/* Begin PBXTargetDependency section */
		B47036B51F55E80500348763 /* PBXTargetDependency */ = {
			isa = PBXTargetDependency;
			target = B470369E1F55E80500348763 /* HelloWorld-2.0 */;
			targetProxy = B47036B41F55E80500348763 /* PBXContainerItemProxy */;
		};
		B47036C01F55E80500348763 /* PBXTargetDependency */ = {
			isa = PBXTargetDependency;
			target = B470369E1F55E80500348763 /* HelloWorld-2.0 */;
			targetProxy = B47036BF1F55E80500348763 /* PBXContainerItemProxy */;
		};
/* End PBXTargetDependency section */

/* Begin PBXVariantGroup section */
		B47036A61F55E80500348763 /* Main.storyboard */ = {
			isa = PBXVariantGroup;
			children = (
				B47036A71F55E80500348763 /* Base */,
			);
			name = Main.storyboard;
			sourceTree = "<group>";
		};
		B47036AB1F55E80500348763 /* LaunchScreen.storyboard */ = {
			isa = PBXVariantGroup;
			children = (
				B47036AC1F55E80500348763 /* Base */,
			);
			name = LaunchScreen.storyboard;
			sourceTree = "<group>";
		};
/* End PBXVariantGroup section */

/* Begin XCBuildConfiguration section */
		B47036C51F55E80500348763 /* Debug */ = {
			isa = XCBuildConfiguration;
			buildSettings = {
				ALWAYS_SEARCH_USER_PATHS = NO;
				CLANG_ANALYZER_NONNULL = YES;
				CLANG_ANALYZER_NUMBER_OBJECT_CONVERSION = YES_AGGRESSIVE;
				CLANG_CXX_LANGUAGE_STANDARD = "gnu++14";
				CLANG_CXX_LIBRARY = "libc++";
				CLANG_ENABLE_MODULES = YES;
				CLANG_ENABLE_OBJC_ARC = YES;
				CLANG_WARN_BLOCK_CAPTURE_AUTORELEASING = YES;
				CLANG_WARN_BOOL_CONVERSION = YES;
				CLANG_WARN_COMMA = YES;
				CLANG_WARN_CONSTANT_CONVERSION = YES;
				CLANG_WARN_DIRECT_OBJC_ISA_USAGE = YES_ERROR;
				CLANG_WARN_DOCUMENTATION_COMMENTS = YES;
				CLANG_WARN_EMPTY_BODY = YES;
				CLANG_WARN_ENUM_CONVERSION = YES;
				CLANG_WARN_INFINITE_RECURSION = YES;
				CLANG_WARN_INT_CONVERSION = YES;
				CLANG_WARN_NON_LITERAL_NULL_CONVERSION = YES;
				CLANG_WARN_OBJC_LITERAL_CONVERSION = YES;
				CLANG_WARN_OBJC_ROOT_CLASS = YES_ERROR;
				CLANG_WARN_RANGE_LOOP_ANALYSIS = YES;
				CLANG_WARN_STRICT_PROTOTYPES = YES;
				CLANG_WARN_SUSPICIOUS_MOVE = YES;
				CLANG_WARN_UNGUARDED_AVAILABILITY = YES_AGGRESSIVE;
				CLANG_WARN_UNREACHABLE_CODE = YES;
				CLANG_WARN__DUPLICATE_METHOD_MATCH = YES;
				CODE_SIGN_IDENTITY = "iPhone Developer";
				COPY_PHASE_STRIP = NO;
				DEBUG_INFORMATION_FORMAT = dwarf;
				ENABLE_STRICT_OBJC_MSGSEND = YES;
				ENABLE_TESTABILITY = YES;
				GCC_C_LANGUAGE_STANDARD = gnu11;
				GCC_DYNAMIC_NO_PIC = NO;
				GCC_NO_COMMON_BLOCKS = YES;
				GCC_OPTIMIZATION_LEVEL = 0;
				GCC_PREPROCESSOR_DEFINITIONS = (
					"DEBUG=1",
					"$(inherited)",
				);
				GCC_WARN_64_TO_32_BIT_CONVERSION = YES;
				GCC_WARN_ABOUT_RETURN_TYPE = YES_ERROR;
				GCC_WARN_UNDECLARED_SELECTOR = YES;
				GCC_WARN_UNINITIALIZED_AUTOS = YES_AGGRESSIVE;
				GCC_WARN_UNUSED_FUNCTION = YES;
				GCC_WARN_UNUSED_VARIABLE = YES;
				IPHONEOS_DEPLOYMENT_TARGET = 11.0;
				MTL_ENABLE_DEBUG_INFO = YES;
				ONLY_ACTIVE_ARCH = YES;
				SDKROOT = iphoneos;
				SWIFT_ACTIVE_COMPILATION_CONDITIONS = DEBUG;
				SWIFT_OPTIMIZATION_LEVEL = "-Onone";
			};
			name = Debug;
		};
		B47036C61F55E80500348763 /* Release */ = {
			isa = XCBuildConfiguration;
			buildSettings = {
				ALWAYS_SEARCH_USER_PATHS = NO;
				CLANG_ANALYZER_NONNULL = YES;
				CLANG_ANALYZER_NUMBER_OBJECT_CONVERSION = YES_AGGRESSIVE;
				CLANG_CXX_LANGUAGE_STANDARD = "gnu++14";
				CLANG_CXX_LIBRARY = "libc++";
				CLANG_ENABLE_MODULES = YES;
				CLANG_ENABLE_OBJC_ARC = YES;
				CLANG_WARN_BLOCK_CAPTURE_AUTORELEASING = YES;
				CLANG_WARN_BOOL_CONVERSION = YES;
				CLANG_WARN_COMMA = YES;
				CLANG_WARN_CONSTANT_CONVERSION = YES;
				CLANG_WARN_DIRECT_OBJC_ISA_USAGE = YES_ERROR;
				CLANG_WARN_DOCUMENTATION_COMMENTS = YES;
				CLANG_WARN_EMPTY_BODY = YES;
				CLANG_WARN_ENUM_CONVERSION = YES;
				CLANG_WARN_INFINITE_RECURSION = YES;
				CLANG_WARN_INT_CONVERSION = YES;
				CLANG_WARN_NON_LITERAL_NULL_CONVERSION = YES;
				CLANG_WARN_OBJC_LITERAL_CONVERSION = YES;
				CLANG_WARN_OBJC_ROOT_CLASS = YES_ERROR;
				CLANG_WARN_RANGE_LOOP_ANALYSIS = YES;
				CLANG_WARN_STRICT_PROTOTYPES = YES;
				CLANG_WARN_SUSPICIOUS_MOVE = YES;
				CLANG_WARN_UNGUARDED_AVAILABILITY = YES_AGGRESSIVE;
				CLANG_WARN_UNREACHABLE_CODE = YES;
				CLANG_WARN__DUPLICATE_METHOD_MATCH = YES;
				CODE_SIGN_IDENTITY = "iPhone Developer";
				COPY_PHASE_STRIP = NO;
				DEBUG_INFORMATION_FORMAT = "dwarf-with-dsym";
				ENABLE_NS_ASSERTIONS = NO;
				ENABLE_STRICT_OBJC_MSGSEND = YES;
				GCC_C_LANGUAGE_STANDARD = gnu11;
				GCC_NO_COMMON_BLOCKS = YES;
				GCC_WARN_64_TO_32_BIT_CONVERSION = YES;
				GCC_WARN_ABOUT_RETURN_TYPE = YES_ERROR;
				GCC_WARN_UNDECLARED_SELECTOR = YES;
				GCC_WARN_UNINITIALIZED_AUTOS = YES_AGGRESSIVE;
				GCC_WARN_UNUSED_FUNCTION = YES;
				GCC_WARN_UNUSED_VARIABLE = YES;
				IPHONEOS_DEPLOYMENT_TARGET = 11.0;
				MTL_ENABLE_DEBUG_INFO = NO;
				SDKROOT = iphoneos;
				SWIFT_OPTIMIZATION_LEVEL = "-Owholemodule";
				VALIDATE_PRODUCT = YES;
			};
			name = Release;
		};
		B47036C81F55E80500348763 /* Debug */ = {
			isa = XCBuildConfiguration;
			buildSettings = {
				ASSETCATALOG_COMPILER_APPICON_NAME = AppIcon;
				CODE_SIGN_STYLE = Automatic;
				INFOPLIST_FILE = "HelloWorld-2.0/Info.plist";
				LD_RUNPATH_SEARCH_PATHS = "$(inherited) @executable_path/Frameworks";
				PRODUCT_BUNDLE_IDENTIFIER = "lxmongo.HelloWorld-2-0";
				PRODUCT_NAME = "$(TARGET_NAME)";
				SWIFT_VERSION = 4.0;
				TARGETED_DEVICE_FAMILY = "1,2";
			};
			name = Debug;
		};
		B47036C91F55E80500348763 /* Release */ = {
			isa = XCBuildConfiguration;
			buildSettings = {
				ASSETCATALOG_COMPILER_APPICON_NAME = AppIcon;
				CODE_SIGN_STYLE = Automatic;
				INFOPLIST_FILE = "HelloWorld-2.0/Info.plist";
				LD_RUNPATH_SEARCH_PATHS = "$(inherited) @executable_path/Frameworks";
				PRODUCT_BUNDLE_IDENTIFIER = "lxmongo.HelloWorld-2-0";
				PRODUCT_NAME = "$(TARGET_NAME)";
				SWIFT_VERSION = 4.0;
				TARGETED_DEVICE_FAMILY = "1,2";
			};
			name = Release;
		};
		B47036CB1F55E80500348763 /* Debug */ = {
			isa = XCBuildConfiguration;
			buildSettings = {
				ALWAYS_EMBED_SWIFT_STANDARD_LIBRARIES = YES;
				BUNDLE_LOADER = "$(TEST_HOST)";
				CODE_SIGN_STYLE = Automatic;
				INFOPLIST_FILE = "HelloWorld-2.0Tests/Info.plist";
				LD_RUNPATH_SEARCH_PATHS = "$(inherited) @executable_path/Frameworks @loader_path/Frameworks";
				PRODUCT_BUNDLE_IDENTIFIER = "lxmongo.HelloWorld-2-0Tests";
				PRODUCT_NAME = "$(TARGET_NAME)";
				SWIFT_VERSION = 4.0;
				TARGETED_DEVICE_FAMILY = "1,2";
				TEST_HOST = "$(BUILT_PRODUCTS_DIR)/HelloWorld-2.0.app/HelloWorld-2.0";
			};
			name = Debug;
		};
		B47036CC1F55E80500348763 /* Release */ = {
			isa = XCBuildConfiguration;
			buildSettings = {
				ALWAYS_EMBED_SWIFT_STANDARD_LIBRARIES = YES;
				BUNDLE_LOADER = "$(TEST_HOST)";
				CODE_SIGN_STYLE = Automatic;
				INFOPLIST_FILE = "HelloWorld-2.0Tests/Info.plist";
				LD_RUNPATH_SEARCH_PATHS = "$(inherited) @executable_path/Frameworks @loader_path/Frameworks";
				PRODUCT_BUNDLE_IDENTIFIER = "lxmongo.HelloWorld-2-0Tests";
				PRODUCT_NAME = "$(TARGET_NAME)";
				SWIFT_VERSION = 4.0;
				TARGETED_DEVICE_FAMILY = "1,2";
				TEST_HOST = "$(BUILT_PRODUCTS_DIR)/HelloWorld-2.0.app/HelloWorld-2.0";
			};
			name = Release;
		};
		B47036CE1F55E80500348763 /* Debug */ = {
			isa = XCBuildConfiguration;
			buildSettings = {
				ALWAYS_EMBED_SWIFT_STANDARD_LIBRARIES = YES;
				CODE_SIGN_STYLE = Automatic;
				INFOPLIST_FILE = "HelloWorld-2.0UITests/Info.plist";
				LD_RUNPATH_SEARCH_PATHS = "$(inherited) @executable_path/Frameworks @loader_path/Frameworks";
				PRODUCT_BUNDLE_IDENTIFIER = "lxmongo.HelloWorld-2-0UITests";
				PRODUCT_NAME = "$(TARGET_NAME)";
				SWIFT_VERSION = 4.0;
				TARGETED_DEVICE_FAMILY = "1,2";
				TEST_TARGET_NAME = "HelloWorld-2.0";
			};
			name = Debug;
		};
		B47036CF1F55E80500348763 /* Release */ = {
			isa = XCBuildConfiguration;
			buildSettings = {
				ALWAYS_EMBED_SWIFT_STANDARD_LIBRARIES = YES;
				CODE_SIGN_STYLE = Automatic;
				INFOPLIST_FILE = "HelloWorld-2.0UITests/Info.plist";
				LD_RUNPATH_SEARCH_PATHS = "$(inherited) @executable_path/Frameworks @loader_path/Frameworks";
				PRODUCT_BUNDLE_IDENTIFIER = "lxmongo.HelloWorld-2-0UITests";
				PRODUCT_NAME = "$(TARGET_NAME)";
				SWIFT_VERSION = 4.0;
				TARGETED_DEVICE_FAMILY = "1,2";
				TEST_TARGET_NAME = "HelloWorld-2.0";
			};
			name = Release;
		};
/* End XCBuildConfiguration section */

/* Begin XCConfigurationList section */
		B470369A1F55E80500348763 /* Build configuration list for PBXProject "HelloWorld-2.0" */ = {
			isa = XCConfigurationList;
			buildConfigurations = (
				B47036C51F55E80500348763 /* Debug */,
				B47036C61F55E80500348763 /* Release */,
			);
			defaultConfigurationIsVisible = 0;
			defaultConfigurationName = Release;
		};
		B47036C71F55E80500348763 /* Build configuration list for PBXNativeTarget "HelloWorld-2.0" */ = {
			isa = XCConfigurationList;
			buildConfigurations = (
				B47036C81F55E80500348763 /* Debug */,
				B47036C91F55E80500348763 /* Release */,
			);
			defaultConfigurationIsVisible = 0;
			defaultConfigurationName = Release;
		};
		B47036CA1F55E80500348763 /* Build configuration list for PBXNativeTarget "HelloWorld-2.0Tests" */ = {
			isa = XCConfigurationList;
			buildConfigurations = (
				B47036CB1F55E80500348763 /* Debug */,
				B47036CC1F55E80500348763 /* Release */,
			);
			defaultConfigurationIsVisible = 0;
			defaultConfigurationName = Release;
		};
		B47036CD1F55E80500348763 /* Build configuration list for PBXNativeTarget "HelloWorld-2.0UITests" */ = {
			isa = XCConfigurationList;
			buildConfigurations = (
				B47036CE1F55E80500348763 /* Debug */,
				B47036CF1F55E80500348763 /* Release */,
			);
			defaultConfigurationIsVisible = 0;
			defaultConfigurationName = Release;
		};
/* End XCConfigurationList section */
	};
	rootObject = B47036971F55E80500348763 /* Project object */;
}
